
Microsoft Visual Studio Solution File, Format Version 12.00
# Visual Studio Version 17
VisualStudioVersion = 17.11.35327.3
MinimumVisualStudioVersion = 10.0.40219.1
Project("{8BC9CEB8-8B4A-11D0-8D11-00A0C91BC942}") = "roblox_updater", "roblox_updater\roblox_updater.vcxproj", "{3B1596A9-E3C9-45D2-8C89-6F34C8DA76F2}"
EndProject
Project("{8BC9CEB8-8B4A-11D0-8D11-00A0C91BC942}") = "target", "target\target.vcxproj", "{0B25F4CC-37DD-4621-B7CB-7FD44E466574}"
EndProject
Global
	GlobalSection(SolutionConfigurationPlatforms) = preSolution
		Debug|x64 = Debug|x64
		Debug|x86 = Debug|x86
		Release|x64 = Release|x64
		Release|x86 = Release|x86
	EndGlobalSection
	GlobalSection(ProjectConfigurationPlatforms) = postSolution
		{3B1596A9-E3C9-45D2-8C89-6F34C8DA76F2}.Debug|x64.ActiveCfg = Debug|x64
		{3B1596A9-E3C9-45D2-8C89-6F34C8DA76F2}.Debug|x64.Build.0 = Debug|x64
		{3B1596A9-E3C9-45D2-8C89-6F34C8DA76F2}.Debug|x86.ActiveCfg = Debug|Win32
		{3B1596A9-E3C9-45D2-8C89-6F34C8DA76F2}.Debug|x86.Build.0 = Debug|Win32
		{3B1596A9-E3C9-45D2-8C89-6F34C8DA76F2}.Release|x64.ActiveCfg = Release|x64
		{3B1596A9-E3C9-45D2-8C89-6F34C8DA76F2}.Release|x64.Build.0 = Release|x64
		{3B1596A9-E3C9-45D2-8C89-6F34C8DA76F2}.Release|x86.ActiveCfg = Release|Win32
		{3B1596A9-E3C9-45D2-8C89-6F34C8DA76F2}.Release|x86.Build.0 = Release|Win32
		{0B25F4CC-37DD-4621-B7CB-7FD44E466574}.Debug|x64.ActiveCfg = Debug|x64
		{0B25F4CC-37DD-4621-B7CB-7FD44E466574}.Debug|x64.Build.0 = Debug|x64
		{0B25F4CC-37DD-4621-B7CB-7FD44E466574}.Debug|x86.ActiveCfg = Debug|Win32
		{0B25F4CC-37DD-4621-B7CB-7FD44E466574}.Debug|x86.Build.0 = Debug|Win32
		{0B25F4CC-37DD-4621-B7CB-7FD44E466574}.Release|x64.ActiveCfg = Release|x64
		{0B25F4CC-37DD-4621-B7CB-7FD44E466574}.Release|x64.Build.0 = Release|x64
		{0B25F4CC-37DD-4621-B7CB-7FD44E466574}.Release|x86.ActiveCfg = Release|Win32
		{0B25F4CC-37DD-4621-B7CB-7FD44E466574}.Release|x86.Build.0 = Release|Win32
	EndGlobalSection
	GlobalSection(SolutionProperties) = preSolution
		HideSolutionNode = FALSE
	EndGlobalSection
	GlobalSection(ExtensibilityGlobals) = postSolution
		SolutionGuid = {010B09DF-6A93-4548-8F97-387EFB7C8A3B}
	EndGlobalSection
EndGlobal
